
Microsoft Visual Studio Solution File, Format Version 12.00
# Visual Studio Version 17
VisualStudioVersion = 17.12.35527.113
MinimumVisualStudioVersion = 10.0.40219.1
Project("{FAE04EC0-301F-11D3-BF4B-00C04F79EFBC}") = "Scratchpad.ConsoleApp", "Scratchpad.ConsoleApp\Scratchpad.ConsoleApp.csproj", "{9C369474-8D27-A67D-2CA6-4B390981866A}"
EndProject
Project("{FAE04EC0-301F-11D3-BF4B-00C04F79EFBC}") = "Scratchpad.Lib", "Scratchpad.Lib\Scratchpad.Lib.csproj", "{BBFB979D-6A5E-3E00-EAED-936D938C409F}"
EndProject
Project("{2150E333-8FDC-42A3-9474-1A3956D46DE8}") = "Solution Items", "Solution Items", "{8EC462FD-D22E-90A8-E5CE-7E832BA40C5D}"
	ProjectSection(SolutionItems) = preProject
		.editorconfig = .editorconfig
	EndProjectSection
EndProject
Project("{FAE04EC0-301F-11D3-BF4B-00C04F79EFBC}") = "Scratchpad.Ollama", "Scratchpad.Ollama\Scratchpad.Ollama.csproj", "{1FFD2D49-84DA-26E4-267E-E897476450BD}"
EndProject
Project("{FAE04EC0-301F-11D3-BF4B-00C04F79EFBC}") = "VSExtensionDemo", "Scratchpad.VSExtensionDemo\VSExtensionDemo.csproj", "{E09D6A93-6B9F-4051-B2CF-7A8F49607985}"
EndProject
Project("{FAE04EC0-301F-11D3-BF4B-00C04F79EFBC}") = "VSUtilsExtension", "Scratchpad.VSUtilsExtension\VSUtilsExtension.csproj", "{397DB9EC-5788-484C-9496-66BA0741B7FC}"
EndProject
Project("{FAE04EC0-301F-11D3-BF4B-00C04F79EFBC}") = "RemoteClipboard", "RemoteClipboard\RemoteClipboard.csproj", "{2C296C6F-EB32-45CA-B7C4-52819AD92387}"
EndProject
Project("{FAE04EC0-301F-11D3-BF4B-00C04F79EFBC}") = "ProjectPacker", "ProjectPacker\ProjectPacker.csproj", "{00254135-168B-4DA7-9993-F4D6449DCFD9}"
EndProject
Project("{FAE04EC0-301F-11D3-BF4B-00C04F79EFBC}") = "LogGrep", "LogGrep\LogGrep.csproj", "{74502B5F-2E14-4980-B416-66865E90D55B}"
EndProject
Project("{FAE04EC0-301F-11D3-BF4B-00C04F79EFBC}") = "LogSearch.ConsoleApp", "LogSearch\LogSearch.ConsoleApp\LogSearch.ConsoleApp.csproj", "{E54625F1-F599-06C7-305A-3AAFD32072B5}"
EndProject
Project("{FAE04EC0-301F-11D3-BF4B-00C04F79EFBC}") = "Sharprompt", "Sharprompt\Sharprompt.csproj", "{466E3FD8-A509-90B3-5BDE-7C4606DFC60E}"
EndProject
Global
	GlobalSection(SolutionConfigurationPlatforms) = preSolution
		Debug|Any CPU = Debug|Any CPU
		Release|Any CPU = Release|Any CPU
	EndGlobalSection
	GlobalSection(ProjectConfigurationPlatforms) = postSolution
		{9C369474-8D27-A67D-2CA6-4B390981866A}.Debug|Any CPU.ActiveCfg = Debug|Any CPU
		{9C369474-8D27-A67D-2CA6-4B390981866A}.Debug|Any CPU.Build.0 = Debug|Any CPU
		{9C369474-8D27-A67D-2CA6-4B390981866A}.Release|Any CPU.ActiveCfg = Release|Any CPU
		{9C369474-8D27-A67D-2CA6-4B390981866A}.Release|Any CPU.Build.0 = Release|Any CPU
		{BBFB979D-6A5E-3E00-EAED-936D938C409F}.Debug|Any CPU.ActiveCfg = Debug|Any CPU
		{BBFB979D-6A5E-3E00-EAED-936D938C409F}.Debug|Any CPU.Build.0 = Debug|Any CPU
		{BBFB979D-6A5E-3E00-EAED-936D938C409F}.Release|Any CPU.ActiveCfg = Release|Any CPU
		{BBFB979D-6A5E-3E00-EAED-936D938C409F}.Release|Any CPU.Build.0 = Release|Any CPU
		{1FFD2D49-84DA-26E4-267E-E897476450BD}.Debug|Any CPU.ActiveCfg = Debug|Any CPU
		{1FFD2D49-84DA-26E4-267E-E897476450BD}.Debug|Any CPU.Build.0 = Debug|Any CPU
		{1FFD2D49-84DA-26E4-267E-E897476450BD}.Release|Any CPU.ActiveCfg = Release|Any CPU
		{1FFD2D49-84DA-26E4-267E-E897476450BD}.Release|Any CPU.Build.0 = Release|Any CPU
		{E09D6A93-6B9F-4051-B2CF-7A8F49607985}.Debug|Any CPU.ActiveCfg = Debug|Any CPU
		{E09D6A93-6B9F-4051-B2CF-7A8F49607985}.Debug|Any CPU.Build.0 = Debug|Any CPU
		{E09D6A93-6B9F-4051-B2CF-7A8F49607985}.Release|Any CPU.ActiveCfg = Release|Any CPU
		{E09D6A93-6B9F-4051-B2CF-7A8F49607985}.Release|Any CPU.Build.0 = Release|Any CPU
		{397DB9EC-5788-484C-9496-66BA0741B7FC}.Debug|Any CPU.ActiveCfg = Debug|Any CPU
		{397DB9EC-5788-484C-9496-66BA0741B7FC}.Debug|Any CPU.Build.0 = Debug|Any CPU
		{397DB9EC-5788-484C-9496-66BA0741B7FC}.Release|Any CPU.ActiveCfg = Release|Any CPU
		{397DB9EC-5788-484C-9496-66BA0741B7FC}.Release|Any CPU.Build.0 = Release|Any CPU
		{2C296C6F-EB32-45CA-B7C4-52819AD92387}.Debug|Any CPU.ActiveCfg = Debug|Any CPU
		{2C296C6F-EB32-45CA-B7C4-52819AD92387}.Debug|Any CPU.Build.0 = Debug|Any CPU
		{2C296C6F-EB32-45CA-B7C4-52819AD92387}.Release|Any CPU.ActiveCfg = Release|Any CPU
		{2C296C6F-EB32-45CA-B7C4-52819AD92387}.Release|Any CPU.Build.0 = Release|Any CPU
		{00254135-168B-4DA7-9993-F4D6449DCFD9}.Debug|Any CPU.ActiveCfg = Debug|Any CPU
		{00254135-168B-4DA7-9993-F4D6449DCFD9}.Debug|Any CPU.Build.0 = Debug|Any CPU
		{00254135-168B-4DA7-9993-F4D6449DCFD9}.Release|Any CPU.ActiveCfg = Release|Any CPU
		{00254135-168B-4DA7-9993-F4D6449DCFD9}.Release|Any CPU.Build.0 = Release|Any CPU
		{74502B5F-2E14-4980-B416-66865E90D55B}.Debug|Any CPU.ActiveCfg = Debug|Any CPU
		{74502B5F-2E14-4980-B416-66865E90D55B}.Debug|Any CPU.Build.0 = Debug|Any CPU
		{74502B5F-2E14-4980-B416-66865E90D55B}.Release|Any CPU.ActiveCfg = Release|Any CPU
		{74502B5F-2E14-4980-B416-66865E90D55B}.Release|Any CPU.Build.0 = Release|Any CPU
		{E54625F1-F599-06C7-305A-3AAFD32072B5}.Debug|Any CPU.ActiveCfg = Debug|Any CPU
		{E54625F1-F599-06C7-305A-3AAFD32072B5}.Debug|Any CPU.Build.0 = Debug|Any CPU
		{E54625F1-F599-06C7-305A-3AAFD32072B5}.Release|Any CPU.ActiveCfg = Release|Any CPU
		{E54625F1-F599-06C7-305A-3AAFD32072B5}.Release|Any CPU.Build.0 = Release|Any CPU
		{466E3FD8-A509-90B3-5BDE-7C4606DFC60E}.Debug|Any CPU.ActiveCfg = Debug|Any CPU
		{466E3FD8-A509-90B3-5BDE-7C4606DFC60E}.Debug|Any CPU.Build.0 = Debug|Any CPU
		{466E3FD8-A509-90B3-5BDE-7C4606DFC60E}.Release|Any CPU.ActiveCfg = Release|Any CPU
		{466E3FD8-A509-90B3-5BDE-7C4606DFC60E}.Release|Any CPU.Build.0 = Release|Any CPU
	EndGlobalSection
	GlobalSection(SolutionProperties) = preSolution
		HideSolutionNode = FALSE
	EndGlobalSection
	GlobalSection(ExtensibilityGlobals) = postSolution
		SolutionGuid = {941EC9BC-0511-4BA2-A34F-C72C1C55DCCA}
	EndGlobalSection
EndGlobal
